hash: 75082f8233af9aef8f0b9287f5114183a75748d9c361a1b73b2626a5b7915667
updated: 2018-11-26T22:01:08.740464-05:00
imports:
- name: github.com/andybalholm/cascadia
  version: 680b6a57bda4f657485ad44bdea42342ead737bc
- name: github.com/evanphx/json-patch
  version: 72bf35d0ff611848c1dc9df0f976c81192392fa5
- name: github.com/go-redis/redis
  version: b3d9bf10f6666b2ee5100a6f3f84f4caf3b4e37d
  subpackages:
  - internal
  - internal/consistenthash
  - internal/hashtag
  - internal/pool
  - internal/proto
  - internal/singleflight
  - internal/util
- name: github.com/jinzhu/inflection
  version: 04140366298a54a039076d798123ffa108fff46c
- name: github.com/julienschmidt/httprouter
  version: 348b672cd90d8190f8240323e372ecd1e66b59dc
- name: github.com/PuerkitoBio/goquery
  version: 2d2796f41742ece03e8086188fa4db16a3a0b458
- name: github.com/rs/cors
  version: 9a47f48565a795472d43519dd49aac781f3034fb
- name: github.com/starboy/httpclient
  version: d6d6e42b608037f8e4c37fd3a55d6819c44a99f1
- name: github.com/tystuyfzand/ovrstat
  version: dc4fc9f39eb7180f9a67f5412a47507f6b98e469
  subpackages:
  - ovrstat
- name: golang.org/x/net
  version: adae6a3d119ae4890b46832a2e88a95adc62b8e7
  subpackages:
  - html
  - html/atom
testImports: []
